// !$*UTF8*$!
{
	archiveVersion = 1;
	classes = {
	};
	objectVersion = 50;
	objects = {

/* Begin PBXBuildFile section */
		3E43CC8C219E910A008A20F3 /* AppDelegate.swift in Sources */ = {isa = PBXBuildFile; fileRef = 3E43CC8B219E910A008A20F3 /* AppDelegate.swift */; };
		3E43CC8E219E910A008A20F3 /* ViewController.swift in Sources */ = {isa = PBXBuildFile; fileRef = 3E43CC8D219E910A008A20F3 /* ViewController.swift */; };
		3E43CC91219E910A008A20F3 /* Main.storyboard in Resources */ = {isa = PBXBuildFile; fileRef = 3E43CC8F219E910A008A20F3 /* Main.storyboard */; };
		3E43CC93219E910B008A20F3 /* Assets.xcassets in Resources */ = {isa = PBXBuildFile; fileRef = 3E43CC92219E910B008A20F3 /* Assets.xcassets */; };
		3E43CC96219E910B008A20F3 /* LaunchScreen.storyboard in Resources */ = {isa = PBXBuildFile; fileRef = 3E43CC94219E910B008A20F3 /* LaunchScreen.storyboard */; };
		3E43CCA1219E910B008A20F3 /* TestFastlaneTests.swift in Sources */ = {isa = PBXBuildFile; fileRef = 3E43CCA0219E910B008A20F3 /* TestFastlaneTests.swift */; };
		3E43CCAC219E910B008A20F3 /* TestFastlaneUITests.swift in Sources */ = {isa = PBXBuildFile; fileRef = 3E43CCAB219E910B008A20F3 /* TestFastlaneUITests.swift */; };
/* End PBXBuildFile section */

/* Begin PBXContainerItemProxy section */
		3E43CC9D219E910B008A20F3 /* PBXContainerItemProxy */ = {
			isa = PBXContainerItemProxy;
			containerPortal = 3E43CC80219E910A008A20F3 /* Project object */;
			proxyType = 1;
			remoteGlobalIDString = 3E43CC87219E910A008A20F3;
			remoteInfo = TestFastlane;
		};
		3E43CCA8219E910B008A20F3 /* PBXContainerItemProxy */ = {
			isa = PBXContainerItemProxy;
			containerPortal = 3E43CC80219E910A008A20F3 /* Project object */;
			proxyType = 1;
			remoteGlobalIDString = 3E43CC87219E910A008A20F3;
			remoteInfo = TestFastlane;
		};
/* End PBXContainerItemProxy section */

/* Begin PBXFileReference section */
		3E43CC88219E910A008A20F3 /* TestFastlane.app */ = {isa = PBXFileReference; explicitFileType = wrapper.application; includeInIndex = 0; path = TestFastlane.app; sourceTree = BUILT_PRODUCTS_DIR; };
		3E43CC8B219E910A008A20F3 /* AppDelegate.swift */ = {isa = PBXFileReference; lastKnownFileType = sourcecode.swift; path = AppDelegate.swift; sourceTree = "<group>"; };
		3E43CC8D219E910A008A20F3 /* ViewController.swift */ = {isa = PBXFileReference; lastKnownFileType = sourcecode.swift; path = ViewController.swift; sourceTree = "<group>"; };
		3E43CC90219E910A008A20F3 /* Base */ = {isa = PBXFileReference; lastKnownFileType = file.storyboard; name = Base; path = Base.lproj/Main.storyboard; sourceTree = "<group>"; };
		3E43CC92219E910B008A20F3 /* Assets.xcassets */ = {isa = PBXFileReference; lastKnownFileType = folder.assetcatalog; path = Assets.xcassets; sourceTree = "<group>"; };
		3E43CC95219E910B008A20F3 /* Base */ = {isa = PBXFileReference; lastKnownFileType = file.storyboard; name = Base; path = Base.lproj/LaunchScreen.storyboard; sourceTree = "<group>"; };
		3E43CC97219E910B008A20F3 /* Info.plist */ = {isa = PBXFileReference; lastKnownFileType = text.plist.xml; path = Info.plist; sourceTree = "<group>"; };
		3E43CC9C219E910B008A20F3 /* TestFastlaneTests.xctest */ = {isa = PBXFileReference; explicitFileType = wrapper.cfbundle; includeInIndex = 0; path = TestFastlaneTests.xctest; sourceTree = BUILT_PRODUCTS_DIR; };
		3E43CCA0219E910B008A20F3 /* TestFastlaneTests.swift */ = {isa = PBXFileReference; lastKnownFileType = sourcecode.swift; path = TestFastlaneTests.swift; sourceTree = "<group>"; };
		3E43CCA2219E910B008A20F3 /* Info.plist */ = {isa = PBXFileReference; lastKnownFileType = text.plist.xml; path = Info.plist; sourceTree = "<group>"; };
		3E43CCA7219E910B008A20F3 /* TestFastlaneUITests.xctest */ = {isa = PBXFileReference; explicitFileType = wrapper.cfbundle; includeInIndex = 0; path = TestFastlaneUITests.xctest; sourceTree = BUILT_PRODUCTS_DIR; };
		3E43CCAB219E910B008A20F3 /* TestFastlaneUITests.swift */ = {isa = PBXFileReference; lastKnownFileType = sourcecode.swift; path = TestFastlaneUITests.swift; sourceTree = "<group>"; };
		3E43CCAD219E910B008A20F3 /* Info.plist */ = {isa = PBXFileReference; lastKnownFileType = text.plist.xml; path = Info.plist; sourceTree = "<group>"; };
/* End PBXFileReference section */

/* Begin PBXFrameworksBuildPhase section */
		3E43CC85219E910A008A20F3 /* Frameworks */ = {
			isa = PBXFrameworksBuildPhase;
			buildActionMask = 2147483647;
			files = (
			);
			runOnlyForDeploymentPostprocessing = 0;
		};
		3E43CC99219E910B008A20F3 /* Frameworks */ = {
			isa = PBXFrameworksBuildPhase;
			buildActionMask = 2147483647;
			files = (
			);
			runOnlyForDeploymentPostprocessing = 0;
		};
		3E43CCA4219E910B008A20F3 /* Frameworks */ = {
			isa = PBXFrameworksBuildPhase;
			buildActionMask = 2147483647;
			files = (
			);
			runOnlyForDeploymentPostprocessing = 0;
		};
/* End PBXFrameworksBuildPhase section */

/* Begin PBXGroup section */
		3E43CC7F219E910A008A20F3 = {
			isa = PBXGroup;
			children = (
				3E43CC8A219E910A008A20F3 /* TestFastlane */,
				3E43CC9F219E910B008A20F3 /* TestFastlaneTests */,
				3E43CCAA219E910B008A20F3 /* TestFastlaneUITests */,
				3E43CC89219E910A008A20F3 /* Products */,
			);
			sourceTree = "<group>";
		};
		3E43CC89219E910A008A20F3 /* Products */ = {
			isa = PBXGroup;
			children = (
				3E43CC88219E910A008A20F3 /* TestFastlane.app */,
				3E43CC9C219E910B008A20F3 /* TestFastlaneTests.xctest */,
				3E43CCA7219E910B008A20F3 /* TestFastlaneUITests.xctest */,
			);
			name = Products;
			sourceTree = "<group>";
		};
		3E43CC8A219E910A008A20F3 /* TestFastlane */ = {
			isa = PBXGroup;
			children = (
				3E43CC8B219E910A008A20F3 /* AppDelegate.swift */,
				3E43CC8D219E910A008A20F3 /* ViewController.swift */,
				3E43CC8F219E910A008A20F3 /* Main.storyboard */,
				3E43CC92219E910B008A20F3 /* Assets.xcassets */,
				3E43CC94219E910B008A20F3 /* LaunchScreen.storyboard */,
				3E43CC97219E910B008A20F3 /* Info.plist */,
			);
			path = TestFastlane;
			sourceTree = "<group>";
		};
		3E43CC9F219E910B008A20F3 /* TestFastlaneTests */ = {
			isa = PBXGroup;
			children = (
				3E43CCA0219E910B008A20F3 /* TestFastlaneTests.swift */,
				3E43CCA2219E910B008A20F3 /* Info.plist */,
			);
			path = TestFastlaneTests;
			sourceTree = "<group>";
		};
		3E43CCAA219E910B008A20F3 /* TestFastlaneUITests */ = {
			isa = PBXGroup;
			children = (
				3E43CCAB219E910B008A20F3 /* TestFastlaneUITests.swift */,
				3E43CCAD219E910B008A20F3 /* Info.plist */,
			);
			path = TestFastlaneUITests;
			sourceTree = "<group>";
		};
/* End PBXGroup section */

/* Begin PBXNativeTarget section */
		3E43CC87219E910A008A20F3 /* TestFastlane */ = {
			isa = PBXNativeTarget;
			buildConfigurationList = 3E43CCB0219E910B008A20F3 /* Build configuration list for PBXNativeTarget "TestFastlane" */;
			buildPhases = (
				3E43CC84219E910A008A20F3 /* Sources */,
				3E43CC85219E910A008A20F3 /* Frameworks */,
				3E43CC86219E910A008A20F3 /* Resources */,
			);
			buildRules = (
			);
			dependencies = (
			);
			name = TestFastlane;
			productName = TestFastlane;
			productReference = 3E43CC88219E910A008A20F3 /* TestFastlane.app */;
			productType = "com.apple.product-type.application";
		};
		3E43CC9B219E910B008A20F3 /* TestFastlaneTests */ = {
			isa = PBXNativeTarget;
			buildConfigurationList = 3E43CCB3219E910B008A20F3 /* Build configuration list for PBXNativeTarget "TestFastlaneTests" */;
			buildPhases = (
				3E43CC98219E910B008A20F3 /* Sources */,
				3E43CC99219E910B008A20F3 /* Frameworks */,
				3E43CC9A219E910B008A20F3 /* Resources */,
			);
			buildRules = (
			);
			dependencies = (
				3E43CC9E219E910B008A20F3 /* PBXTargetDependency */,
			);
			name = TestFastlaneTests;
			productName = TestFastlaneTests;
			productReference = 3E43CC9C219E910B008A20F3 /* TestFastlaneTests.xctest */;
			productType = "com.apple.product-type.bundle.unit-test";
		};
		3E43CCA6219E910B008A20F3 /* TestFastlaneUITests */ = {
			isa = PBXNativeTarget;
			buildConfigurationList = 3E43CCB6219E910B008A20F3 /* Build configuration list for PBXNativeTarget "TestFastlaneUITests" */;
			buildPhases = (
				3E43CCA3219E910B008A20F3 /* Sources */,
				3E43CCA4219E910B008A20F3 /* Frameworks */,
				3E43CCA5219E910B008A20F3 /* Resources */,
			);
			buildRules = (
			);
			dependencies = (
				3E43CCA9219E910B008A20F3 /* PBXTargetDependency */,
			);
			name = TestFastlaneUITests;
			productName = TestFastlaneUITests;
			productReference = 3E43CCA7219E910B008A20F3 /* TestFastlaneUITests.xctest */;
			productType = "com.apple.product-type.bundle.ui-testing";
		};
/* End PBXNativeTarget section */

/* Begin PBXProject section */
		3E43CC80219E910A008A20F3 /* Project object */ = {
			isa = PBXProject;
			attributes = {
				LastSwiftUpdateCheck = 1000;
				LastUpgradeCheck = 1000;
				ORGANIZATIONNAME = MBRDI;
				TargetAttributes = {
					3E43CC87219E910A008A20F3 = {
						CreatedOnToolsVersion = 10.0;
					};
					3E43CC9B219E910B008A20F3 = {
						CreatedOnToolsVersion = 10.0;
						TestTargetID = 3E43CC87219E910A008A20F3;
					};
					3E43CCA6219E910B008A20F3 = {
						CreatedOnToolsVersion = 10.0;
						TestTargetID = 3E43CC87219E910A008A20F3;
					};
				};
			};
			buildConfigurationList = 3E43CC83219E910A008A20F3 /* Build configuration list for PBXProject "TestFastlane" */;
			compatibilityVersion = "Xcode 9.3";
			developmentRegion = en;
			hasScannedForEncodings = 0;
			knownRegions = (
				en,
				Base,
			);
			mainGroup = 3E43CC7F219E910A008A20F3;
			productRefGroup = 3E43CC89219E910A008A20F3 /* Products */;
			projectDirPath = "";
			projectRoot = "";
			targets = (
				3E43CC87219E910A008A20F3 /* TestFastlane */,
				3E43CC9B219E910B008A20F3 /* TestFastlaneTests */,
				3E43CCA6219E910B008A20F3 /* TestFastlaneUITests */,
			);
		};
/* End PBXProject section */

/* Begin PBXResourcesBuildPhase section */
		3E43CC86219E910A008A20F3 /* Resources */ = {
			isa = PBXResourcesBuildPhase;
			buildActionMask = 2147483647;
			files = (
				3E43CC96219E910B008A20F3 /* LaunchScreen.storyboard in Resources */,
				3E43CC93219E910B008A20F3 /* Assets.xcassets in Resources */,
				3E43CC91219E910A008A20F3 /* Main.storyboard in Resources */,
			);
			runOnlyForDeploymentPostprocessing = 0;
		};
		3E43CC9A219E910B008A20F3 /* Resources */ = {
			isa = PBXResourcesBuildPhase;
			buildActionMask = 2147483647;
			files = (
			);
			runOnlyForDeploymentPostprocessing = 0;
		};
		3E43CCA5219E910B008A20F3 /* Resources */ = {
			isa = PBXResourcesBuildPhase;
			buildActionMask = 2147483647;
			files = (
			);
			runOnlyForDeploymentPostprocessing = 0;
		};
/* End PBXResourcesBuildPhase section */

/* Begin PBXSourcesBuildPhase section */
		3E43CC84219E910A008A20F3 /* Sources */ = {
			isa = PBXSourcesBuildPhase;
			buildActionMask = 2147483647;
			files = (
				3E43CC8E219E910A008A20F3 /* ViewController.swift in Sources */,
				3E43CC8C219E910A008A20F3 /* AppDelegate.swift in Sources */,
			);
			runOnlyForDeploymentPostprocessing = 0;
		};
		3E43CC98219E910B008A20F3 /* Sources */ = {
			isa = PBXSourcesBuildPhase;
			buildActionMask = 2147483647;
			files = (
				3E43CCA1219E910B008A20F3 /* TestFastlaneTests.swift in Sources */,
			);
			runOnlyForDeploymentPostprocessing = 0;
		};
		3E43CCA3219E910B008A20F3 /* Sources */ = {
			isa = PBXSourcesBuildPhase;
			buildActionMask = 2147483647;
			files = (
				3E43CCAC219E910B008A20F3 /* TestFastlaneUITests.swift in Sources */,
			);
			runOnlyForDeploymentPostprocessing = 0;
		};
/* End PBXSourcesBuildPhase section */

/* Begin PBXTargetDependency section */
		3E43CC9E219E910B008A20F3 /* PBXTargetDependency */ = {
			isa = PBXTargetDependency;
			target = 3E43CC87219E910A008A20F3 /* TestFastlane */;
			targetProxy = 3E43CC9D219E910B008A20F3 /* PBXContainerItemProxy */;
		};
		3E43CCA9219E910B008A20F3 /* PBXTargetDependency */ = {
			isa = PBXTargetDependency;
			target = 3E43CC87219E910A008A20F3 /* TestFastlane */;
			targetProxy = 3E43CCA8219E910B008A20F3 /* PBXContainerItemProxy */;
		};
/* End PBXTargetDependency section */

/* Begin PBXVariantGroup section */
		3E43CC8F219E910A008A20F3 /* Main.storyboard */ = {
			isa = PBXVariantGroup;
			children = (
				3E43CC90219E910A008A20F3 /* Base */,
			);
			name = Main.storyboard;
			sourceTree = "<group>";
		};
		3E43CC94219E910B008A20F3 /* LaunchScreen.storyboard */ = {
			isa = PBXVariantGroup;
			children = (
				3E43CC95219E910B008A20F3 /* Base */,
			);
			name = LaunchScreen.storyboard;
			sourceTree = "<group>";
		};
/* End PBXVariantGroup section */

/* Begin XCBuildConfiguration section */
		3E43CCAE219E910B008A20F3 /* Debug */ = {
			isa = XCBuildConfiguration;
			buildSettings = {
				ALWAYS_SEARCH_USER_PATHS = NO;
				CLANG_ANALYZER_NONNULL = YES;
				CLANG_ANALYZER_NUMBER_OBJECT_CONVERSION = YES_AGGRESSIVE;
				CLANG_CXX_LANGUAGE_STANDARD = "gnu++14";
				CLANG_CXX_LIBRARY = "libc++";
				CLANG_ENABLE_MODULES = YES;
				CLANG_ENABLE_OBJC_ARC = YES;
				CLANG_ENABLE_OBJC_WEAK = YES;
				CLANG_WARN_BLOCK_CAPTURE_AUTORELEASING = YES;
				CLANG_WARN_BOOL_CONVERSION = YES;
				CLANG_WARN_COMMA = YES;
				CLANG_WARN_CONSTANT_CONVERSION = YES;
				CLANG_WARN_DEPRECATED_OBJC_IMPLEMENTATIONS = YES;
				CLANG_WARN_DIRECT_OBJC_ISA_USAGE = YES_ERROR;
				CLANG_WARN_DOCUMENTATION_COMMENTS = YES;
				CLANG_WARN_EMPTY_BODY = YES;
				CLANG_WARN_ENUM_CONVERSION = YES;
				CLANG_WARN_INFINITE_RECURSION = YES;
				CLANG_WARN_INT_CONVERSION = YES;
				CLANG_WARN_NON_LITERAL_NULL_CONVERSION = YES;
				CLANG_WARN_OBJC_IMPLICIT_RETAIN_SELF = YES;
				CLANG_WARN_OBJC_LITERAL_CONVERSION = YES;
				CLANG_WARN_OBJC_ROOT_CLASS = YES_ERROR;
				CLANG_WARN_RANGE_LOOP_ANALYSIS = YES;
				CLANG_WARN_STRICT_PROTOTYPES = YES;
				CLANG_WARN_SUSPICIOUS_MOVE = YES;
				CLANG_WARN_UNGUARDED_AVAILABILITY = YES_AGGRESSIVE;
				CLANG_WARN_UNREACHABLE_CODE = YES;
				CLANG_WARN__DUPLICATE_METHOD_MATCH = YES;
				CODE_SIGN_IDENTITY = "iPhone Developer";
				COPY_PHASE_STRIP = NO;
				DEBUG_INFORMATION_FORMAT = dwarf;
				ENABLE_STRICT_OBJC_MSGSEND = YES;
				ENABLE_TESTABILITY = YES;
				GCC_C_LANGUAGE_STANDARD = gnu11;
				GCC_DYNAMIC_NO_PIC = NO;
				GCC_NO_COMMON_BLOCKS = YES;
				GCC_OPTIMIZATION_LEVEL = 0;
				GCC_PREPROCESSOR_DEFINITIONS = (
					"DEBUG=1",
					"$(inherited)",
				);
				GCC_WARN_64_TO_32_BIT_CONVERSION = YES;
				GCC_WARN_ABOUT_RETURN_TYPE = YES_ERROR;
				GCC_WARN_UNDECLARED_SELECTOR = YES;
				GCC_WARN_UNINITIALIZED_AUTOS = YES_AGGRESSIVE;
				GCC_WARN_UNUSED_FUNCTION = YES;
				GCC_WARN_UNUSED_VARIABLE = YES;
				IPHONEOS_DEPLOYMENT_TARGET = 12.0;
				MTL_ENABLE_DEBUG_INFO = INCLUDE_SOURCE;
				MTL_FAST_MATH = YES;
				ONLY_ACTIVE_ARCH = YES;
				SDKROOT = iphoneos;
				SWIFT_ACTIVE_COMPILATION_CONDITIONS = DEBUG;
				SWIFT_OPTIMIZATION_LEVEL = "-Onone";
			};
			name = Debug;
		};
		3E43CCAF219E910B008A20F3 /* Release */ = {
			isa = XCBuildConfiguration;
			buildSettings = {
				ALWAYS_SEARCH_USER_PATHS = NO;
				CLANG_ANALYZER_NONNULL = YES;
				CLANG_ANALYZER_NUMBER_OBJECT_CONVERSION = YES_AGGRESSIVE;
				CLANG_CXX_LANGUAGE_STANDARD = "gnu++14";
				CLANG_CXX_LIBRARY = "libc++";
				CLANG_ENABLE_MODULES = YES;
				CLANG_ENABLE_OBJC_ARC = YES;
				CLANG_ENABLE_OBJC_WEAK = YES;
				CLANG_WARN_BLOCK_CAPTURE_AUTORELEASING = YES;
				CLANG_WARN_BOOL_CONVERSION = YES;
				CLANG_WARN_COMMA = YES;
				CLANG_WARN_CONSTANT_CONVERSION = YES;
				CLANG_WARN_DEPRECATED_OBJC_IMPLEMENTATIONS = YES;
				CLANG_WARN_DIRECT_OBJC_ISA_USAGE = YES_ERROR;
				CLANG_WARN_DOCUMENTATION_COMMENTS = YES;
				CLANG_WARN_EMPTY_BODY = YES;
				CLANG_WARN_ENUM_CONVERSION = YES;
				CLANG_WARN_INFINITE_RECURSION = YES;
				CLANG_WARN_INT_CONVERSION = YES;
				CLANG_WARN_NON_LITERAL_NULL_CONVERSION = YES;
				CLANG_WARN_OBJC_IMPLICIT_RETAIN_SELF = YES;
				CLANG_WARN_OBJC_LITERAL_CONVERSION = YES;
				CLANG_WARN_OBJC_ROOT_CLASS = YES_ERROR;
				CLANG_WARN_RANGE_LOOP_ANALYSIS = YES;
				CLANG_WARN_STRICT_PROTOTYPES = YES;
				CLANG_WARN_SUSPICIOUS_MOVE = YES;
				CLANG_WARN_UNGUARDED_AVAILABILITY = YES_AGGRESSIVE;
				CLANG_WARN_UNREACHABLE_CODE = YES;
				CLANG_WARN__DUPLICATE_METHOD_MATCH = YES;
				CODE_SIGN_IDENTITY = "iPhone Developer";
				COPY_PHASE_STRIP = NO;
				DEBUG_INFORMATION_FORMAT = "dwarf-with-dsym";
				ENABLE_NS_ASSERTIONS = NO;
				ENABLE_STRICT_OBJC_MSGSEND = YES;
				GCC_C_LANGUAGE_STANDARD = gnu11;
				GCC_NO_COMMON_BLOCKS = YES;
				GCC_WARN_64_TO_32_BIT_CONVERSION = YES;
				GCC_WARN_ABOUT_RETURN_TYPE = YES_ERROR;
				GCC_WARN_UNDECLARED_SELECTOR = YES;
				GCC_WARN_UNINITIALIZED_AUTOS = YES_AGGRESSIVE;
				GCC_WARN_UNUSED_FUNCTION = YES;
				GCC_WARN_UNUSED_VARIABLE = YES;
				IPHONEOS_DEPLOYMENT_TARGET = 12.0;
				MTL_ENABLE_DEBUG_INFO = NO;
				MTL_FAST_MATH = YES;
				SDKROOT = iphoneos;
				SWIFT_COMPILATION_MODE = wholemodule;
				SWIFT_OPTIMIZATION_LEVEL = "-O";
				VALIDATE_PRODUCT = YES;
			};
			name = Release;
		};
		3E43CCB1219E910B008A20F3 /* Debug */ = {
			isa = XCBuildConfiguration;
			buildSettings = {
				ASSETCATALOG_COMPILER_APPICON_NAME = AppIcon;
				CODE_SIGN_STYLE = Automatic;
				INFOPLIST_FILE = TestFastlane/Info.plist;
				LD_RUNPATH_SEARCH_PATHS = (
					"$(inherited)",
					"@executable_path/Frameworks",
				);
				PRODUCT_BUNDLE_IDENTIFIER = com.mbrdi.TestFastlane;
				PRODUCT_NAME = "$(TARGET_NAME)";
				SWIFT_VERSION = 4.2;
				TARGETED_DEVICE_FAMILY = "1,2";
			};
			name = Debug;
		};
		3E43CCB2219E910B008A20F3 /* Release */ = {
			isa = XCBuildConfiguration;
			buildSettings = {
				ASSETCATALOG_COMPILER_APPICON_NAME = AppIcon;
				CODE_SIGN_STYLE = Automatic;
				INFOPLIST_FILE = TestFastlane/Info.plist;
				LD_RUNPATH_SEARCH_PATHS = (
					"$(inherited)",
					"@executable_path/Frameworks",
				);
				PRODUCT_BUNDLE_IDENTIFIER = com.mbrdi.TestFastlane;
				PRODUCT_NAME = "$(TARGET_NAME)";
				SWIFT_VERSION = 4.2;
				TARGETED_DEVICE_FAMILY = "1,2";
			};
			name = Release;
		};
		3E43CCB4219E910B008A20F3 /* Debug */ = {
			isa = XCBuildConfiguration;
			buildSettings = {
				ALWAYS_EMBED_SWIFT_STANDARD_LIBRARIES = YES;
				BUNDLE_LOADER = "$(TEST_HOST)";
				CODE_SIGN_STYLE = Automatic;
				INFOPLIST_FILE = TestFastlaneTests/Info.plist;
				LD_RUNPATH_SEARCH_PATHS = (
					"$(inherited)",
					"@executable_path/Frameworks",
					"@loader_path/Frameworks",
				);
				PRODUCT_BUNDLE_IDENTIFIER = com.mbrdi.TestFastlaneTests;
				PRODUCT_NAME = "$(TARGET_NAME)";
				SWIFT_VERSION = 4.2;
				TARGETED_DEVICE_FAMILY = "1,2";
				TEST_HOST = "$(BUILT_PRODUCTS_DIR)/TestFastlane.app/TestFastlane";
			};
			name = Debug;
		};
		3E43CCB5219E910B008A20F3 /* Release */ = {
			isa = XCBuildConfiguration;
			buildSettings = {
				ALWAYS_EMBED_SWIFT_STANDARD_LIBRARIES = YES;
				BUNDLE_LOADER = "$(TEST_HOST)";
				CODE_SIGN_STYLE = Automatic;
				INFOPLIST_FILE = TestFastlaneTests/Info.plist;
				LD_RUNPATH_SEARCH_PATHS = (
					"$(inherited)",
					"@executable_path/Frameworks",
					"@loader_path/Frameworks",
				);
				PRODUCT_BUNDLE_IDENTIFIER = com.mbrdi.TestFastlaneTests;
				PRODUCT_NAME = "$(TARGET_NAME)";
				SWIFT_VERSION = 4.2;
				TARGETED_DEVICE_FAMILY = "1,2";
				TEST_HOST = "$(BUILT_PRODUCTS_DIR)/TestFastlane.app/TestFastlane";
			};
			name = Release;
		};
		3E43CCB7219E910B008A20F3 /* Debug */ = {
			isa = XCBuildConfiguration;
			buildSettings = {
				ALWAYS_EMBED_SWIFT_STANDARD_LIBRARIES = YES;
				CODE_SIGN_STYLE = Automatic;
				INFOPLIST_FILE = TestFastlaneUITests/Info.plist;
				LD_RUNPATH_SEARCH_PATHS = (
					"$(inherited)",
					"@executable_path/Frameworks",
					"@loader_path/Frameworks",
				);
				PRODUCT_BUNDLE_IDENTIFIER = com.mbrdi.TestFastlaneUITests;
				PRODUCT_NAME = "$(TARGET_NAME)";
				SWIFT_VERSION = 4.2;
				TARGETED_DEVICE_FAMILY = "1,2";
				TEST_TARGET_NAME = TestFastlane;
			};
			name = Debug;
		};
		3E43CCB8219E910B008A20F3 /* Release */ = {
			isa = XCBuildConfiguration;
			buildSettings = {
				ALWAYS_EMBED_SWIFT_STANDARD_LIBRARIES = YES;
				CODE_SIGN_STYLE = Automatic;
				INFOPLIST_FILE = TestFastlaneUITests/Info.plist;
				LD_RUNPATH_SEARCH_PATHS = (
					"$(inherited)",
					"@executable_path/Frameworks",
					"@loader_path/Frameworks",
				);
				PRODUCT_BUNDLE_IDENTIFIER = com.mbrdi.TestFastlaneUITests;
				PRODUCT_NAME = "$(TARGET_NAME)";
				SWIFT_VERSION = 4.2;
				TARGETED_DEVICE_FAMILY = "1,2";
				TEST_TARGET_NAME = TestFastlane;
			};
			name = Release;
		};
/* End XCBuildConfiguration section */

/* Begin XCConfigurationList section */
		3E43CC83219E910A008A20F3 /* Build configuration list for PBXProject "TestFastlane" */ = {
			isa = XCConfigurationList;
			buildConfigurations = (
				3E43CCAE219E910B008A20F3 /* Debug */,
				3E43CCAF219E910B008A20F3 /* Release */,
			);
			defaultConfigurationIsVisible = 0;
			defaultConfigurationName = Release;
		};
		3E43CCB0219E910B008A20F3 /* Build configuration list for PBXNativeTarget "TestFastlane" */ = {
			isa = XCConfigurationList;
			buildConfigurations = (
				3E43CCB1219E910B008A20F3 /* Debug */,
				3E43CCB2219E910B008A20F3 /* Release */,
			);
			defaultConfigurationIsVisible = 0;
			defaultConfigurationName = Release;
		};
		3E43CCB3219E910B008A20F3 /* Build configuration list for PBXNativeTarget "TestFastlaneTests" */ = {
			isa = XCConfigurationList;
			buildConfigurations = (
				3E43CCB4219E910B008A20F3 /* Debug */,
				3E43CCB5219E910B008A20F3 /* Release */,
			);
			defaultConfigurationIsVisible = 0;
			defaultConfigurationName = Release;
		};
		3E43CCB6219E910B008A20F3 /* Build configuration list for PBXNativeTarget "TestFastlaneUITests" */ = {
			isa = XCConfigurationList;
			buildConfigurations = (
				3E43CCB7219E910B008A20F3 /* Debug */,
				3E43CCB8219E910B008A20F3 /* Release */,
			);
			defaultConfigurationIsVisible = 0;
			defaultConfigurationName = Release;
		};
/* End XCConfigurationList section */
	};
	rootObject = 3E43CC80219E910A008A20F3 /* Project object */;
}
